
Microsoft Visual Studio Solution File, Format Version 12.00
# Visual Studio 15
VisualStudioVersion = 15.0.27703.2026
MinimumVisualStudioVersion = 10.0.40219.1
Project("{9A19103F-16F7-4668-BE54-9A1E7A4F7556}") = "REP_Service", "REP_Service\REP_Service.csproj", "{080B2740-CAF4-4D06-BD8B-D40233A7EECE}"
EndProject
Project("{9A19103F-16F7-4668-BE54-9A1E7A4F7556}") = "REP_UI", "REP_UI\REP_UI.csproj", "{4372D34C-8ACC-4D86-9442-B7BB7BAEF7A3}"
EndProject
Global
	GlobalSection(SolutionConfigurationPlatforms) = preSolution
		Debug|Any CPU = Debug|Any CPU
		Release|Any CPU = Release|Any CPU
	EndGlobalSection
	GlobalSection(ProjectConfigurationPlatforms) = postSolution
		{080B2740-CAF4-4D06-BD8B-D40233A7EECE}.Debug|Any CPU.ActiveCfg = Debug|Any CPU
		{080B2740-CAF4-4D06-BD8B-D40233A7EECE}.Debug|Any CPU.Build.0 = Debug|Any CPU
		{080B2740-CAF4-4D06-BD8B-D40233A7EECE}.Release|Any CPU.ActiveCfg = Release|Any CPU
		{080B2740-CAF4-4D06-BD8B-D40233A7EECE}.Release|Any CPU.Build.0 = Release|Any CPU
		{4372D34C-8ACC-4D86-9442-B7BB7BAEF7A3}.Debug|Any CPU.ActiveCfg = Debug|Any CPU
		{4372D34C-8ACC-4D86-9442-B7BB7BAEF7A3}.Debug|Any CPU.Build.0 = Debug|Any CPU
		{4372D34C-8ACC-4D86-9442-B7BB7BAEF7A3}.Release|Any CPU.ActiveCfg = Release|Any CPU
		{4372D34C-8ACC-4D86-9442-B7BB7BAEF7A3}.Release|Any CPU.Build.0 = Release|Any CPU
	EndGlobalSection
	GlobalSection(SolutionProperties) = preSolution
		HideSolutionNode = FALSE
	EndGlobalSection
	GlobalSection(ExtensibilityGlobals) = postSolution
		SolutionGuid = {660D86BF-8A23-425A-B4C5-CE12F4DA3273}
	EndGlobalSection
EndGlobal
